
Microsoft Visual Studio Solution File, Format Version 12.00
# Visual Studio Version 16
VisualStudioVersion = 16.0.30611.23
MinimumVisualStudioVersion = 10.0.40219.1
Project("{FAE04EC0-301F-11D3-BF4B-00C04F79EFBC}") = "GeneratoreParole", "GeneratoreParole\GeneratoreParole.csproj", "{40FC98C8-EAB7-4524-9CAF-8541A0C54285}"
EndProject
Global
	GlobalSection(SolutionConfigurationPlatforms) = preSolution
		Debug|Any CPU = Debug|Any CPU
		Release|Any CPU = Release|Any CPU
	EndGlobalSection
	GlobalSection(ProjectConfigurationPlatforms) = postSolution
		{40FC98C8-EAB7-4524-9CAF-8541A0C54285}.Debug|Any CPU.ActiveCfg = Debug|Any CPU
		{40FC98C8-EAB7-4524-9CAF-8541A0C54285}.Debug|Any CPU.Build.0 = Debug|Any CPU
		{40FC98C8-EAB7-4524-9CAF-8541A0C54285}.Release|Any CPU.ActiveCfg = Release|Any CPU
		{40FC98C8-EAB7-4524-9CAF-8541A0C54285}.Release|Any CPU.Build.0 = Release|Any CPU
	EndGlobalSection
	GlobalSection(SolutionProperties) = preSolution
		HideSolutionNode = FALSE
	EndGlobalSection
	GlobalSection(ExtensibilityGlobals) = postSolution
		SolutionGuid = {A393C4AE-B0F2-494E-94D2-F12E9DC078D6}
	EndGlobalSection
EndGlobal
